
Microsoft Visual Studio Solution File, Format Version 12.00
# Visual Studio Version 17
VisualStudioVersion = 17.2.32616.157
MinimumVisualStudioVersion = 10.0.40219.1
Project("{FAE04EC0-301F-11D3-BF4B-00C04F79EFBC}") = "Memory", "Memory\Memory.csproj", "{F316AD28-0D42-45F8-8668-7F7108E90A98}"
EndProject
Global
	GlobalSection(SolutionConfigurationPlatforms) = preSolution
		Debug|Any CPU = Debug|Any CPU
		Release|Any CPU = Release|Any CPU
	EndGlobalSection
	GlobalSection(ProjectConfigurationPlatforms) = postSolution
		{F316AD28-0D42-45F8-8668-7F7108E90A98}.Debug|Any CPU.ActiveCfg = Debug|Any CPU
		{F316AD28-0D42-45F8-8668-7F7108E90A98}.Debug|Any CPU.Build.0 = Debug|Any CPU
		{F316AD28-0D42-45F8-8668-7F7108E90A98}.Release|Any CPU.ActiveCfg = Release|Any CPU
		{F316AD28-0D42-45F8-8668-7F7108E90A98}.Release|Any CPU.Build.0 = Release|Any CPU
	EndGlobalSection
	GlobalSection(SolutionProperties) = preSolution
		HideSolutionNode = FALSE
	EndGlobalSection
	GlobalSection(ExtensibilityGlobals) = postSolution
		SolutionGuid = {D358184C-F095-4C6E-8444-64DEA22A4C8C}
	EndGlobalSection
EndGlobal
